
Microsoft Visual Studio Solution File, Format Version 12.00
# Visual Studio Version 17
VisualStudioVersion = 17.6.33829.357
MinimumVisualStudioVersion = 10.0.40219.1
Project("{FAE04EC0-301F-11D3-BF4B-00C04F79EFBC}") = "BookVerse", "BookVerse\BookVerse.csproj", "{FE5C57D5-99E4-4AD1-B075-A7C705CA5782}"
EndProject
Global
	GlobalSection(SolutionConfigurationPlatforms) = preSolution
		Debug|Any CPU = Debug|Any CPU
		Release|Any CPU = Release|Any CPU
	EndGlobalSection
	GlobalSection(ProjectConfigurationPlatforms) = postSolution
		{FE5C57D5-99E4-4AD1-B075-A7C705CA5782}.Debug|Any CPU.ActiveCfg = Debug|Any CPU
		{FE5C57D5-99E4-4AD1-B075-A7C705CA5782}.Debug|Any CPU.Build.0 = Debug|Any CPU
		{FE5C57D5-99E4-4AD1-B075-A7C705CA5782}.Release|Any CPU.ActiveCfg = Release|Any CPU
		{FE5C57D5-99E4-4AD1-B075-A7C705CA5782}.Release|Any CPU.Build.0 = Release|Any CPU
	EndGlobalSection
	GlobalSection(SolutionProperties) = preSolution
		HideSolutionNode = FALSE
	EndGlobalSection
	GlobalSection(ExtensibilityGlobals) = postSolution
		SolutionGuid = {2CC28D12-2D23-408A-9490-301CC80BF287}
	EndGlobalSection
EndGlobal
