
Microsoft Visual Studio Solution File, Format Version 12.00
# Visual Studio Version 17
VisualStudioVersion = 17.6.33829.357
MinimumVisualStudioVersion = 10.0.40219.1
Project("{FAE04EC0-301F-11D3-BF4B-00C04F79EFBC}") = "Bookverse", "Bookverse\Bookverse.csproj", "{E3617CC8-E104-410C-A2D6-7E879259EBA7}"
EndProject
Global
	GlobalSection(SolutionConfigurationPlatforms) = preSolution
		Debug|Any CPU = Debug|Any CPU
		Release|Any CPU = Release|Any CPU
	EndGlobalSection
	GlobalSection(ProjectConfigurationPlatforms) = postSolution
		{E3617CC8-E104-410C-A2D6-7E879259EBA7}.Debug|Any CPU.ActiveCfg = Debug|Any CPU
		{E3617CC8-E104-410C-A2D6-7E879259EBA7}.Debug|Any CPU.Build.0 = Debug|Any CPU
		{E3617CC8-E104-410C-A2D6-7E879259EBA7}.Release|Any CPU.ActiveCfg = Release|Any CPU
		{E3617CC8-E104-410C-A2D6-7E879259EBA7}.Release|Any CPU.Build.0 = Release|Any CPU
	EndGlobalSection
	GlobalSection(SolutionProperties) = preSolution
		HideSolutionNode = FALSE
	EndGlobalSection
	GlobalSection(ExtensibilityGlobals) = postSolution
		SolutionGuid = {D69770F5-85BB-49C8-AAEA-3E8C4548CACC}
	EndGlobalSection
EndGlobal
